
Microsoft Visual Studio Solution File, Format Version 12.00
# Visual Studio Version 17
VisualStudioVersion = 17.10.35013.160
MinimumVisualStudioVersion = 10.0.40219.1
Project("{FAE04EC0-301F-11D3-BF4B-00C04F79EFBC}") = "Secuencia10", "Secuencia10\Secuencia10.csproj", "{083F4549-FD68-4104-93CA-AF7BDD473C33}"
EndProject
Project("{FAE04EC0-301F-11D3-BF4B-00C04F79EFBC}") = "Piezas_Practica2", "Piezas_Practica2\Piezas_Practica2.csproj", "{8B178CDC-8F1F-4836-A99A-D4A3CDF56974}"
EndProject
Global
	GlobalSection(SolutionConfigurationPlatforms) = preSolution
		Debug|Any CPU = Debug|Any CPU
		Release|Any CPU = Release|Any CPU
	EndGlobalSection
	GlobalSection(ProjectConfigurationPlatforms) = postSolution
		{083F4549-FD68-4104-93CA-AF7BDD473C33}.Debug|Any CPU.ActiveCfg = Debug|Any CPU
		{083F4549-FD68-4104-93CA-AF7BDD473C33}.Debug|Any CPU.Build.0 = Debug|Any CPU
		{083F4549-FD68-4104-93CA-AF7BDD473C33}.Release|Any CPU.ActiveCfg = Release|Any CPU
		{083F4549-FD68-4104-93CA-AF7BDD473C33}.Release|Any CPU.Build.0 = Release|Any CPU
		{8B178CDC-8F1F-4836-A99A-D4A3CDF56974}.Debug|Any CPU.ActiveCfg = Debug|Any CPU
		{8B178CDC-8F1F-4836-A99A-D4A3CDF56974}.Debug|Any CPU.Build.0 = Debug|Any CPU
		{8B178CDC-8F1F-4836-A99A-D4A3CDF56974}.Release|Any CPU.ActiveCfg = Release|Any CPU
		{8B178CDC-8F1F-4836-A99A-D4A3CDF56974}.Release|Any CPU.Build.0 = Release|Any CPU
	EndGlobalSection
	GlobalSection(SolutionProperties) = preSolution
		HideSolutionNode = FALSE
	EndGlobalSection
	GlobalSection(ExtensibilityGlobals) = postSolution
		SolutionGuid = {576514B0-86AC-4380-A651-0505F5FB3049}
	EndGlobalSection
EndGlobal
