
Microsoft Visual Studio Solution File, Format Version 12.00
# Visual Studio Version 17
VisualStudioVersion = 17.10.35013.160
MinimumVisualStudioVersion = 10.0.40219.1
Project("{FAE04EC0-301F-11D3-BF4B-00C04F79EFBC}") = "Ejemplo", "Ejemplo1\Ejemplo.csproj", "{67A98FC5-A2AF-46EF-896F-CCBCFD15D291}"
EndProject
Global
	GlobalSection(SolutionConfigurationPlatforms) = preSolution
		Debug|Any CPU = Debug|Any CPU
		Release|Any CPU = Release|Any CPU
	EndGlobalSection
	GlobalSection(ProjectConfigurationPlatforms) = postSolution
		{67A98FC5-A2AF-46EF-896F-CCBCFD15D291}.Debug|Any CPU.ActiveCfg = Debug|Any CPU
		{67A98FC5-A2AF-46EF-896F-CCBCFD15D291}.Debug|Any CPU.Build.0 = Debug|Any CPU
		{67A98FC5-A2AF-46EF-896F-CCBCFD15D291}.Release|Any CPU.ActiveCfg = Release|Any CPU
		{67A98FC5-A2AF-46EF-896F-CCBCFD15D291}.Release|Any CPU.Build.0 = Release|Any CPU
	EndGlobalSection
	GlobalSection(SolutionProperties) = preSolution
		HideSolutionNode = FALSE
	EndGlobalSection
	GlobalSection(ExtensibilityGlobals) = postSolution
		SolutionGuid = {C871F367-0F0B-4537-BC88-2DA5472C0312}
	EndGlobalSection
EndGlobal
