
Microsoft Visual Studio Solution File, Format Version 12.00
# Visual Studio Version 17
VisualStudioVersion = 17.10.35013.160
MinimumVisualStudioVersion = 10.0.40219.1
Project("{9A19103F-16F7-4668-BE54-9A1E7A4F7556}") = "Array1", "Array1\Array1.csproj", "{8693D3F3-166D-47E1-8924-D6B0C65BD182}"
EndProject
Project("{9A19103F-16F7-4668-BE54-9A1E7A4F7556}") = "Array2", "Array2\Array2.csproj", "{B8A813DD-BC1B-4C57-8855-7DEBE5F5C69E}"
EndProject
Project("{FAE04EC0-301F-11D3-BF4B-00C04F79EFBC}") = "Array3", "Array3\Array3.csproj", "{8EE26769-5EC9-4710-A8D8-16B9DBBF3D42}"
EndProject
Global
	GlobalSection(SolutionConfigurationPlatforms) = preSolution
		Debug|Any CPU = Debug|Any CPU
		Release|Any CPU = Release|Any CPU
	EndGlobalSection
	GlobalSection(ProjectConfigurationPlatforms) = postSolution
		{8693D3F3-166D-47E1-8924-D6B0C65BD182}.Debug|Any CPU.ActiveCfg = Debug|Any CPU
		{8693D3F3-166D-47E1-8924-D6B0C65BD182}.Debug|Any CPU.Build.0 = Debug|Any CPU
		{8693D3F3-166D-47E1-8924-D6B0C65BD182}.Release|Any CPU.ActiveCfg = Release|Any CPU
		{8693D3F3-166D-47E1-8924-D6B0C65BD182}.Release|Any CPU.Build.0 = Release|Any CPU
		{B8A813DD-BC1B-4C57-8855-7DEBE5F5C69E}.Debug|Any CPU.ActiveCfg = Debug|Any CPU
		{B8A813DD-BC1B-4C57-8855-7DEBE5F5C69E}.Debug|Any CPU.Build.0 = Debug|Any CPU
		{B8A813DD-BC1B-4C57-8855-7DEBE5F5C69E}.Release|Any CPU.ActiveCfg = Release|Any CPU
		{B8A813DD-BC1B-4C57-8855-7DEBE5F5C69E}.Release|Any CPU.Build.0 = Release|Any CPU
		{8EE26769-5EC9-4710-A8D8-16B9DBBF3D42}.Debug|Any CPU.ActiveCfg = Debug|Any CPU
		{8EE26769-5EC9-4710-A8D8-16B9DBBF3D42}.Debug|Any CPU.Build.0 = Debug|Any CPU
		{8EE26769-5EC9-4710-A8D8-16B9DBBF3D42}.Release|Any CPU.ActiveCfg = Release|Any CPU
		{8EE26769-5EC9-4710-A8D8-16B9DBBF3D42}.Release|Any CPU.Build.0 = Release|Any CPU
	EndGlobalSection
	GlobalSection(SolutionProperties) = preSolution
		HideSolutionNode = FALSE
	EndGlobalSection
	GlobalSection(ExtensibilityGlobals) = postSolution
		SolutionGuid = {A38CA441-D4D6-4001-85BE-C3FFE5BA2A2F}
	EndGlobalSection
EndGlobal
