
Microsoft Visual Studio Solution File, Format Version 12.00
# Visual Studio Version 17
VisualStudioVersion = 17.10.35013.160
MinimumVisualStudioVersion = 10.0.40219.1
Project("{FAE04EC0-301F-11D3-BF4B-00C04F79EFBC}") = "SIstemaNomina", "SIstemaNomina\SIstemaNomina.csproj", "{D5C26C67-2472-4A50-A557-9EB700A3FE10}"
EndProject
Global
	GlobalSection(SolutionConfigurationPlatforms) = preSolution
		Debug|Any CPU = Debug|Any CPU
		Release|Any CPU = Release|Any CPU
	EndGlobalSection
	GlobalSection(ProjectConfigurationPlatforms) = postSolution
		{D5C26C67-2472-4A50-A557-9EB700A3FE10}.Debug|Any CPU.ActiveCfg = Debug|Any CPU
		{D5C26C67-2472-4A50-A557-9EB700A3FE10}.Debug|Any CPU.Build.0 = Debug|Any CPU
		{D5C26C67-2472-4A50-A557-9EB700A3FE10}.Release|Any CPU.ActiveCfg = Release|Any CPU
		{D5C26C67-2472-4A50-A557-9EB700A3FE10}.Release|Any CPU.Build.0 = Release|Any CPU
	EndGlobalSection
	GlobalSection(SolutionProperties) = preSolution
		HideSolutionNode = FALSE
	EndGlobalSection
	GlobalSection(ExtensibilityGlobals) = postSolution
		SolutionGuid = {F10B1913-B2F2-48EC-9784-635F1B2E06A4}
	EndGlobalSection
EndGlobal
