
Microsoft Visual Studio Solution File, Format Version 12.00
# Visual Studio Version 17
VisualStudioVersion = 17.10.35013.160
MinimumVisualStudioVersion = 10.0.40219.1
Project("{9A19103F-16F7-4668-BE54-9A1E7A4F7556}") = "Ejemplo1", "Ejemplo1\Ejemplo1.csproj", "{103B59BF-D63B-4CE6-A107-D9136D08C837}"
EndProject
Project("{9A19103F-16F7-4668-BE54-9A1E7A4F7556}") = "Ejemplo2", "Ejemplo2\Ejemplo2.csproj", "{556B5DBF-B4DB-4916-9A81-D07F1B88BD71}"
EndProject
Project("{9A19103F-16F7-4668-BE54-9A1E7A4F7556}") = "EJemplo3", "EJemplo3\EJemplo3.csproj", "{4BD36BB3-ACE3-466D-B8B2-7C516124CF19}"
EndProject
Project("{9A19103F-16F7-4668-BE54-9A1E7A4F7556}") = "Ejemplo8.5", "Ejemplo8.5\Ejemplo8.5.csproj", "{CB9EDD30-5723-4FE9-964F-2F7D25227612}"
EndProject
Project("{9A19103F-16F7-4668-BE54-9A1E7A4F7556}") = "Ejemplo8.6", "Ejemplo8.6\Ejemplo8.6.csproj", "{5313A8F3-C139-4815-8444-8ABAF6DDB74C}"
EndProject
Project("{FAE04EC0-301F-11D3-BF4B-00C04F79EFBC}") = "Ejemplo8.7", "Ejemplo8.7\Ejemplo8.7.csproj", "{DEEE41B2-3531-4C15-894C-E6B73445C582}"
EndProject
Project("{FAE04EC0-301F-11D3-BF4B-00C04F79EFBC}") = "Ejemplo8.8", "Ejemplo8.8\Ejemplo8.8.csproj", "{F8E48E95-B069-4402-B042-6441D7601E41}"
EndProject
Project("{FAE04EC0-301F-11D3-BF4B-00C04F79EFBC}") = "Ejemplo8.12", "Ejemplo8.12\Ejemplo8.12.csproj", "{76B59C21-181D-4F92-8B4F-A5A7AB66C3ED}"
EndProject
Project("{FAE04EC0-301F-11D3-BF4B-00C04F79EFBC}") = "Ejemplo8.13", "Ejemplo8.13\Ejemplo8.13.csproj", "{0B170D38-5BD7-481B-A4C8-EE0BB0330C4E}"
EndProject
Global
	GlobalSection(SolutionConfigurationPlatforms) = preSolution
		Debug|Any CPU = Debug|Any CPU
		Release|Any CPU = Release|Any CPU
	EndGlobalSection
	GlobalSection(ProjectConfigurationPlatforms) = postSolution
		{103B59BF-D63B-4CE6-A107-D9136D08C837}.Debug|Any CPU.ActiveCfg = Debug|Any CPU
		{103B59BF-D63B-4CE6-A107-D9136D08C837}.Debug|Any CPU.Build.0 = Debug|Any CPU
		{103B59BF-D63B-4CE6-A107-D9136D08C837}.Release|Any CPU.ActiveCfg = Release|Any CPU
		{103B59BF-D63B-4CE6-A107-D9136D08C837}.Release|Any CPU.Build.0 = Release|Any CPU
		{556B5DBF-B4DB-4916-9A81-D07F1B88BD71}.Debug|Any CPU.ActiveCfg = Debug|Any CPU
		{556B5DBF-B4DB-4916-9A81-D07F1B88BD71}.Debug|Any CPU.Build.0 = Debug|Any CPU
		{556B5DBF-B4DB-4916-9A81-D07F1B88BD71}.Release|Any CPU.ActiveCfg = Release|Any CPU
		{556B5DBF-B4DB-4916-9A81-D07F1B88BD71}.Release|Any CPU.Build.0 = Release|Any CPU
		{4BD36BB3-ACE3-466D-B8B2-7C516124CF19}.Debug|Any CPU.ActiveCfg = Debug|Any CPU
		{4BD36BB3-ACE3-466D-B8B2-7C516124CF19}.Debug|Any CPU.Build.0 = Debug|Any CPU
		{4BD36BB3-ACE3-466D-B8B2-7C516124CF19}.Release|Any CPU.ActiveCfg = Release|Any CPU
		{4BD36BB3-ACE3-466D-B8B2-7C516124CF19}.Release|Any CPU.Build.0 = Release|Any CPU
		{CB9EDD30-5723-4FE9-964F-2F7D25227612}.Debug|Any CPU.ActiveCfg = Debug|Any CPU
		{CB9EDD30-5723-4FE9-964F-2F7D25227612}.Debug|Any CPU.Build.0 = Debug|Any CPU
		{CB9EDD30-5723-4FE9-964F-2F7D25227612}.Release|Any CPU.ActiveCfg = Release|Any CPU
		{CB9EDD30-5723-4FE9-964F-2F7D25227612}.Release|Any CPU.Build.0 = Release|Any CPU
		{5313A8F3-C139-4815-8444-8ABAF6DDB74C}.Debug|Any CPU.ActiveCfg = Debug|Any CPU
		{5313A8F3-C139-4815-8444-8ABAF6DDB74C}.Debug|Any CPU.Build.0 = Debug|Any CPU
		{5313A8F3-C139-4815-8444-8ABAF6DDB74C}.Release|Any CPU.ActiveCfg = Release|Any CPU
		{5313A8F3-C139-4815-8444-8ABAF6DDB74C}.Release|Any CPU.Build.0 = Release|Any CPU
		{DEEE41B2-3531-4C15-894C-E6B73445C582}.Debug|Any CPU.ActiveCfg = Debug|Any CPU
		{DEEE41B2-3531-4C15-894C-E6B73445C582}.Debug|Any CPU.Build.0 = Debug|Any CPU
		{DEEE41B2-3531-4C15-894C-E6B73445C582}.Release|Any CPU.ActiveCfg = Release|Any CPU
		{DEEE41B2-3531-4C15-894C-E6B73445C582}.Release|Any CPU.Build.0 = Release|Any CPU
		{F8E48E95-B069-4402-B042-6441D7601E41}.Debug|Any CPU.ActiveCfg = Debug|Any CPU
		{F8E48E95-B069-4402-B042-6441D7601E41}.Debug|Any CPU.Build.0 = Debug|Any CPU
		{F8E48E95-B069-4402-B042-6441D7601E41}.Release|Any CPU.ActiveCfg = Release|Any CPU
		{F8E48E95-B069-4402-B042-6441D7601E41}.Release|Any CPU.Build.0 = Release|Any CPU
		{76B59C21-181D-4F92-8B4F-A5A7AB66C3ED}.Debug|Any CPU.ActiveCfg = Debug|Any CPU
		{76B59C21-181D-4F92-8B4F-A5A7AB66C3ED}.Debug|Any CPU.Build.0 = Debug|Any CPU
		{76B59C21-181D-4F92-8B4F-A5A7AB66C3ED}.Release|Any CPU.ActiveCfg = Release|Any CPU
		{76B59C21-181D-4F92-8B4F-A5A7AB66C3ED}.Release|Any CPU.Build.0 = Release|Any CPU
		{0B170D38-5BD7-481B-A4C8-EE0BB0330C4E}.Debug|Any CPU.ActiveCfg = Debug|Any CPU
		{0B170D38-5BD7-481B-A4C8-EE0BB0330C4E}.Debug|Any CPU.Build.0 = Debug|Any CPU
		{0B170D38-5BD7-481B-A4C8-EE0BB0330C4E}.Release|Any CPU.ActiveCfg = Release|Any CPU
		{0B170D38-5BD7-481B-A4C8-EE0BB0330C4E}.Release|Any CPU.Build.0 = Release|Any CPU
	EndGlobalSection
	GlobalSection(SolutionProperties) = preSolution
		HideSolutionNode = FALSE
	EndGlobalSection
	GlobalSection(ExtensibilityGlobals) = postSolution
		SolutionGuid = {9B68C4B5-2CFF-487D-823B-124D4CB78471}
	EndGlobalSection
EndGlobal
