
Microsoft Visual Studio Solution File, Format Version 12.00
# Visual Studio Version 17
VisualStudioVersion = 17.10.35013.160
MinimumVisualStudioVersion = 10.0.40219.1
Project("{FAE04EC0-301F-11D3-BF4B-00C04F79EFBC}") = "Ejemplo1", "Ejemplo1\Ejemplo1.csproj", "{BFB5E4AB-140A-4CEB-96B7-337F04842350}"
EndProject
Project("{FAE04EC0-301F-11D3-BF4B-00C04F79EFBC}") = "Ejemplo2", "Ejemplo2\Ejemplo2.csproj", "{DDF1C430-56A3-40B8-95B1-664AC62CF2BA}"
EndProject
Project("{FAE04EC0-301F-11D3-BF4B-00C04F79EFBC}") = "Ejemplo3", "Ejemplo3\Ejemplo3.csproj", "{6406DDC1-23E0-41C7-9496-A0B4F57BA14A}"
EndProject
Global
	GlobalSection(SolutionConfigurationPlatforms) = preSolution
		Debug|Any CPU = Debug|Any CPU
		Release|Any CPU = Release|Any CPU
	EndGlobalSection
	GlobalSection(ProjectConfigurationPlatforms) = postSolution
		{BFB5E4AB-140A-4CEB-96B7-337F04842350}.Debug|Any CPU.ActiveCfg = Debug|Any CPU
		{BFB5E4AB-140A-4CEB-96B7-337F04842350}.Debug|Any CPU.Build.0 = Debug|Any CPU
		{BFB5E4AB-140A-4CEB-96B7-337F04842350}.Release|Any CPU.ActiveCfg = Release|Any CPU
		{BFB5E4AB-140A-4CEB-96B7-337F04842350}.Release|Any CPU.Build.0 = Release|Any CPU
		{DDF1C430-56A3-40B8-95B1-664AC62CF2BA}.Debug|Any CPU.ActiveCfg = Debug|Any CPU
		{DDF1C430-56A3-40B8-95B1-664AC62CF2BA}.Debug|Any CPU.Build.0 = Debug|Any CPU
		{DDF1C430-56A3-40B8-95B1-664AC62CF2BA}.Release|Any CPU.ActiveCfg = Release|Any CPU
		{DDF1C430-56A3-40B8-95B1-664AC62CF2BA}.Release|Any CPU.Build.0 = Release|Any CPU
		{6406DDC1-23E0-41C7-9496-A0B4F57BA14A}.Debug|Any CPU.ActiveCfg = Debug|Any CPU
		{6406DDC1-23E0-41C7-9496-A0B4F57BA14A}.Debug|Any CPU.Build.0 = Debug|Any CPU
		{6406DDC1-23E0-41C7-9496-A0B4F57BA14A}.Release|Any CPU.ActiveCfg = Release|Any CPU
		{6406DDC1-23E0-41C7-9496-A0B4F57BA14A}.Release|Any CPU.Build.0 = Release|Any CPU
	EndGlobalSection
	GlobalSection(SolutionProperties) = preSolution
		HideSolutionNode = FALSE
	EndGlobalSection
	GlobalSection(ExtensibilityGlobals) = postSolution
		SolutionGuid = {B5AE210E-81BF-4B47-9064-6CE72F31981D}
	EndGlobalSection
EndGlobal
